
Microsoft Visual Studio Solution File, Format Version 12.00
# Visual Studio Version 17
VisualStudioVersion = 17.14.36310.24 d17.14
MinimumVisualStudioVersion = 10.0.40219.1
Project("{FAE04EC0-301F-11D3-BF4B-00C04F79EFBC}") = "RentManagement", "RentManagement\RentManagement.csproj", "{46DE2F97-3111-4B8D-8F8F-0A0EF6CE5EDD}"
EndProject
Global
	GlobalSection(SolutionConfigurationPlatforms) = preSolution
		Debug|Any CPU = Debug|Any CPU
		Release|Any CPU = Release|Any CPU
	EndGlobalSection
	GlobalSection(ProjectConfigurationPlatforms) = postSolution
		{46DE2F97-3111-4B8D-8F8F-0A0EF6CE5EDD}.Debug|Any CPU.ActiveCfg = Debug|Any CPU
		{46DE2F97-3111-4B8D-8F8F-0A0EF6CE5EDD}.Debug|Any CPU.Build.0 = Debug|Any CPU
		{46DE2F97-3111-4B8D-8F8F-0A0EF6CE5EDD}.Release|Any CPU.ActiveCfg = Release|Any CPU
		{46DE2F97-3111-4B8D-8F8F-0A0EF6CE5EDD}.Release|Any CPU.Build.0 = Release|Any CPU
	EndGlobalSection
	GlobalSection(SolutionProperties) = preSolution
		HideSolutionNode = FALSE
	EndGlobalSection
	GlobalSection(ExtensibilityGlobals) = postSolution
		SolutionGuid = {8FC3294D-DCEC-4FBD-A78C-80DBF90BE642}
	EndGlobalSection
EndGlobal
